// !$*UTF8*$!
{
	archiveVersion = 1;
	classes = {
	};
	objectVersion = 56;
	objects = {

/* Begin PBXBuildFile section */
		D7B711FD2AF505E400424557 /* AppDelegate.swift in Sources */ = {isa = PBXBuildFile; fileRef = D7B711FC2AF505E400424557 /* AppDelegate.swift */; };
		D7B711FF2AF505E400424557 /* SceneDelegate.swift in Sources */ = {isa = PBXBuildFile; fileRef = D7B711FE2AF505E400424557 /* SceneDelegate.swift */; };
		D7B712012AF505E400424557 /* LoginViewController.swift in Sources */ = {isa = PBXBuildFile; fileRef = D7B712002AF505E400424557 /* LoginViewController.swift */; };
		D7B712042AF505E400424557 /* Main.storyboard in Resources */ = {isa = PBXBuildFile; fileRef = D7B712022AF505E400424557 /* Main.storyboard */; };
		D7B712062AF505E500424557 /* Assets.xcassets in Resources */ = {isa = PBXBuildFile; fileRef = D7B712052AF505E500424557 /* Assets.xcassets */; };
		D7B712092AF505E500424557 /* LaunchScreen.storyboard in Resources */ = {isa = PBXBuildFile; fileRef = D7B712072AF505E500424557 /* LaunchScreen.storyboard */; };
		D7B712142AF5091E00424557 /* SignupViewController.swift in Sources */ = {isa = PBXBuildFile; fileRef = D7B712132AF5091E00424557 /* SignupViewController.swift */; };
		D7B712162AF5094E00424557 /* ProfileViewController.swift in Sources */ = {isa = PBXBuildFile; fileRef = D7B712152AF5094E00424557 /* ProfileViewController.swift */; };
		D7B712182AF5095F00424557 /* PasswordViewController.swift in Sources */ = {isa = PBXBuildFile; fileRef = D7B712172AF5095F00424557 /* PasswordViewController.swift */; };
		D7B7121B2AF51D2000424557 /* FirebaseAuth in Frameworks */ = {isa = PBXBuildFile; productRef = D7B7121A2AF51D2000424557 /* FirebaseAuth */; };
		D7B7121D2AF51D2000424557 /* FirebaseFirestore in Frameworks */ = {isa = PBXBuildFile; productRef = D7B7121C2AF51D2000424557 /* FirebaseFirestore */; };
		D7B7121F2AF51D2100424557 /* FirebaseFirestoreSwift in Frameworks */ = {isa = PBXBuildFile; productRef = D7B7121E2AF51D2000424557 /* FirebaseFirestoreSwift */; };
		D7B712232AF5226A00424557 /* GoogleService-Info.plist in Resources */ = {isa = PBXBuildFile; fileRef = D7B712222AF5226A00424557 /* GoogleService-Info.plist */; };
/* End PBXBuildFile section */

/* Begin PBXFileReference section */
		D7B711F92AF505E400424557 /* Remindify.app */ = {isa = PBXFileReference; explicitFileType = wrapper.application; includeInIndex = 0; path = Remindify.app; sourceTree = BUILT_PRODUCTS_DIR; };
		D7B711FC2AF505E400424557 /* AppDelegate.swift */ = {isa = PBXFileReference; lastKnownFileType = sourcecode.swift; path = AppDelegate.swift; sourceTree = "<group>"; };
		D7B711FE2AF505E400424557 /* SceneDelegate.swift */ = {isa = PBXFileReference; lastKnownFileType = sourcecode.swift; path = SceneDelegate.swift; sourceTree = "<group>"; };
		D7B712002AF505E400424557 /* LoginViewController.swift */ = {isa = PBXFileReference; lastKnownFileType = sourcecode.swift; path = LoginViewController.swift; sourceTree = "<group>"; };
		D7B712032AF505E400424557 /* Base */ = {isa = PBXFileReference; lastKnownFileType = file.storyboard; name = Base; path = Base.lproj/Main.storyboard; sourceTree = "<group>"; };
		D7B712052AF505E500424557 /* Assets.xcassets */ = {isa = PBXFileReference; lastKnownFileType = folder.assetcatalog; path = Assets.xcassets; sourceTree = "<group>"; };
		D7B712082AF505E500424557 /* Base */ = {isa = PBXFileReference; lastKnownFileType = file.storyboard; name = Base; path = Base.lproj/LaunchScreen.storyboard; sourceTree = "<group>"; };
		D7B7120A2AF505E500424557 /* Info.plist */ = {isa = PBXFileReference; lastKnownFileType = text.plist.xml; path = Info.plist; sourceTree = "<group>"; };
		D7B712132AF5091E00424557 /* SignupViewController.swift */ = {isa = PBXFileReference; lastKnownFileType = sourcecode.swift; path = SignupViewController.swift; sourceTree = "<group>"; };
		D7B712152AF5094E00424557 /* ProfileViewController.swift */ = {isa = PBXFileReference; lastKnownFileType = sourcecode.swift; path = ProfileViewController.swift; sourceTree = "<group>"; };
		D7B712172AF5095F00424557 /* PasswordViewController.swift */ = {isa = PBXFileReference; lastKnownFileType = sourcecode.swift; path = PasswordViewController.swift; sourceTree = "<group>"; };
		D7B712222AF5226A00424557 /* GoogleService-Info.plist */ = {isa = PBXFileReference; fileEncoding = 4; lastKnownFileType = text.plist.xml; path = "GoogleService-Info.plist"; sourceTree = "<group>"; };
/* End PBXFileReference section */

/* Begin PBXFrameworksBuildPhase section */
		D7B711F62AF505E400424557 /* Frameworks */ = {
			isa = PBXFrameworksBuildPhase;
			buildActionMask = 2147483647;
			files = (
				D7B7121B2AF51D2000424557 /* FirebaseAuth in Frameworks */,
				D7B7121D2AF51D2000424557 /* FirebaseFirestore in Frameworks */,
				D7B7121F2AF51D2100424557 /* FirebaseFirestoreSwift in Frameworks */,
			);
			runOnlyForDeploymentPostprocessing = 0;
		};
/* End PBXFrameworksBuildPhase section */

/* Begin PBXGroup section */
		D7B711F02AF505E400424557 = {
			isa = PBXGroup;
			children = (
				D7B711FB2AF505E400424557 /* Remindify */,
				D7B711FA2AF505E400424557 /* Products */,
			);
			sourceTree = "<group>";
		};
		D7B711FA2AF505E400424557 /* Products */ = {
			isa = PBXGroup;
			children = (
				D7B711F92AF505E400424557 /* Remindify.app */,
			);
			name = Products;
			sourceTree = "<group>";
		};
		D7B711FB2AF505E400424557 /* Remindify */ = {
			isa = PBXGroup;
			children = (
				D7B711FC2AF505E400424557 /* AppDelegate.swift */,
				D7B711FE2AF505E400424557 /* SceneDelegate.swift */,
				D7B712112AF5061A00424557 /* Views */,
				D7B712102AF505FC00424557 /* Controllers */,
				D7B712122AF5062300424557 /* Models */,
				D7B712052AF505E500424557 /* Assets.xcassets */,
				D7B712072AF505E500424557 /* LaunchScreen.storyboard */,
				D7B7120A2AF505E500424557 /* Info.plist */,
				D7B712222AF5226A00424557 /* GoogleService-Info.plist */,
			);
			path = Remindify;
			sourceTree = "<group>";
		};
		D7B712102AF505FC00424557 /* Controllers */ = {
			isa = PBXGroup;
			children = (
				D7B712002AF505E400424557 /* LoginViewController.swift */,
				D7B712132AF5091E00424557 /* SignupViewController.swift */,
				D7B712152AF5094E00424557 /* ProfileViewController.swift */,
				D7B712172AF5095F00424557 /* PasswordViewController.swift */,
			);
			path = Controllers;
			sourceTree = "<group>";
		};
		D7B712112AF5061A00424557 /* Views */ = {
			isa = PBXGroup;
			children = (
				D7B712022AF505E400424557 /* Main.storyboard */,
			);
			path = Views;
			sourceTree = "<group>";
		};
		D7B712122AF5062300424557 /* Models */ = {
			isa = PBXGroup;
			children = (
			);
			path = Models;
			sourceTree = "<group>";
		};
/* End PBXGroup section */

/* Begin PBXNativeTarget section */
		D7B711F82AF505E400424557 /* Remindify */ = {
			isa = PBXNativeTarget;
			buildConfigurationList = D7B7120D2AF505E500424557 /* Build configuration list for PBXNativeTarget "Remindify" */;
			buildPhases = (
				D7B711F52AF505E400424557 /* Sources */,
				D7B711F62AF505E400424557 /* Frameworks */,
				D7B711F72AF505E400424557 /* Resources */,
			);
			buildRules = (
			);
			dependencies = (
			);
			name = Remindify;
			packageProductDependencies = (
				D7B7121A2AF51D2000424557 /* FirebaseAuth */,
				D7B7121C2AF51D2000424557 /* FirebaseFirestore */,
				D7B7121E2AF51D2000424557 /* FirebaseFirestoreSwift */,
			);
			productName = Remindify;
			productReference = D7B711F92AF505E400424557 /* Remindify.app */;
			productType = "com.apple.product-type.application";
		};
/* End PBXNativeTarget section */

/* Begin PBXProject section */
		D7B711F12AF505E400424557 /* Project object */ = {
			isa = PBXProject;
			attributes = {
				BuildIndependentTargetsInParallel = 1;
				LastSwiftUpdateCheck = 1420;
				LastUpgradeCheck = 1420;
				TargetAttributes = {
					D7B711F82AF505E400424557 = {
						CreatedOnToolsVersion = 14.2;
					};
				};
			};
			buildConfigurationList = D7B711F42AF505E400424557 /* Build configuration list for PBXProject "Remindify" */;
			compatibilityVersion = "Xcode 14.0";
			developmentRegion = en;
			hasScannedForEncodings = 0;
			knownRegions = (
				en,
				Base,
			);
			mainGroup = D7B711F02AF505E400424557;
			packageReferences = (
				D7B712192AF51D2000424557 /* XCRemoteSwiftPackageReference "firebase-ios-sdk" */,
			);
			productRefGroup = D7B711FA2AF505E400424557 /* Products */;
			projectDirPath = "";
			projectRoot = "";
			targets = (
				D7B711F82AF505E400424557 /* Remindify */,
			);
		};
/* End PBXProject section */

/* Begin PBXResourcesBuildPhase section */
		D7B711F72AF505E400424557 /* Resources */ = {
			isa = PBXResourcesBuildPhase;
			buildActionMask = 2147483647;
			files = (
				D7B712092AF505E500424557 /* LaunchScreen.storyboard in Resources */,
				D7B712232AF5226A00424557 /* GoogleService-Info.plist in Resources */,
				D7B712062AF505E500424557 /* Assets.xcassets in Resources */,
				D7B712042AF505E400424557 /* Main.storyboard in Resources */,
			);
			runOnlyForDeploymentPostprocessing = 0;
		};
/* End PBXResourcesBuildPhase section */

/* Begin PBXSourcesBuildPhase section */
		D7B711F52AF505E400424557 /* Sources */ = {
			isa = PBXSourcesBuildPhase;
			buildActionMask = 2147483647;
			files = (
				D7B712012AF505E400424557 /* LoginViewController.swift in Sources */,
				D7B711FD2AF505E400424557 /* AppDelegate.swift in Sources */,
				D7B712162AF5094E00424557 /* ProfileViewController.swift in Sources */,
				D7B712142AF5091E00424557 /* SignupViewController.swift in Sources */,
				D7B711FF2AF505E400424557 /* SceneDelegate.swift in Sources */,
				D7B712182AF5095F00424557 /* PasswordViewController.swift in Sources */,
			);
			runOnlyForDeploymentPostprocessing = 0;
		};
/* End PBXSourcesBuildPhase section */

/* Begin PBXVariantGroup section */
		D7B712022AF505E400424557 /* Main.storyboard */ = {
			isa = PBXVariantGroup;
			children = (
				D7B712032AF505E400424557 /* Base */,
			);
			name = Main.storyboard;
			sourceTree = "<group>";
		};
		D7B712072AF505E500424557 /* LaunchScreen.storyboard */ = {
			isa = PBXVariantGroup;
			children = (
				D7B712082AF505E500424557 /* Base */,
			);
			name = LaunchScreen.storyboard;
			sourceTree = "<group>";
		};
/* End PBXVariantGroup section */

/* Begin XCBuildConfiguration section */
		D7B7120B2AF505E500424557 /* Debug */ = {
			isa = XCBuildConfiguration;
			buildSettings = {
				ALWAYS_SEARCH_USER_PATHS = NO;
				CLANG_ANALYZER_NONNULL = YES;
				CLANG_ANALYZER_NUMBER_OBJECT_CONVERSION = YES_AGGRESSIVE;
				CLANG_CXX_LANGUAGE_STANDARD = "gnu++20";
				CLANG_ENABLE_MODULES = YES;
				CLANG_ENABLE_OBJC_ARC = YES;
				CLANG_ENABLE_OBJC_WEAK = YES;
				CLANG_WARN_BLOCK_CAPTURE_AUTORELEASING = YES;
				CLANG_WARN_BOOL_CONVERSION = YES;
				CLANG_WARN_COMMA = YES;
				CLANG_WARN_CONSTANT_CONVERSION = YES;
				CLANG_WARN_DEPRECATED_OBJC_IMPLEMENTATIONS = YES;
				CLANG_WARN_DIRECT_OBJC_ISA_USAGE = YES_ERROR;
				CLANG_WARN_DOCUMENTATION_COMMENTS = YES;
				CLANG_WARN_EMPTY_BODY = YES;
				CLANG_WARN_ENUM_CONVERSION = YES;
				CLANG_WARN_INFINITE_RECURSION = YES;
				CLANG_WARN_INT_CONVERSION = YES;
				CLANG_WARN_NON_LITERAL_NULL_CONVERSION = YES;
				CLANG_WARN_OBJC_IMPLICIT_RETAIN_SELF = YES;
				CLANG_WARN_OBJC_LITERAL_CONVERSION = YES;
				CLANG_WARN_OBJC_ROOT_CLASS = YES_ERROR;
				CLANG_WARN_QUOTED_INCLUDE_IN_FRAMEWORK_HEADER = YES;
				CLANG_WARN_RANGE_LOOP_ANALYSIS = YES;
				CLANG_WARN_STRICT_PROTOTYPES = YES;
				CLANG_WARN_SUSPICIOUS_MOVE = YES;
				CLANG_WARN_UNGUARDED_AVAILABILITY = YES_AGGRESSIVE;
				CLANG_WARN_UNREACHABLE_CODE = YES;
				CLANG_WARN__DUPLICATE_METHOD_MATCH = YES;
				COPY_PHASE_STRIP = NO;
				DEBUG_INFORMATION_FORMAT = dwarf;
				ENABLE_STRICT_OBJC_MSGSEND = YES;
				ENABLE_TESTABILITY = YES;
				GCC_C_LANGUAGE_STANDARD = gnu11;
				GCC_DYNAMIC_NO_PIC = NO;
				GCC_NO_COMMON_BLOCKS = YES;
				GCC_OPTIMIZATION_LEVEL = 0;
				GCC_PREPROCESSOR_DEFINITIONS = (
					"DEBUG=1",
					"$(inherited)",
				);
				GCC_WARN_64_TO_32_BIT_CONVERSION = YES;
				GCC_WARN_ABOUT_RETURN_TYPE = YES_ERROR;
				GCC_WARN_UNDECLARED_SELECTOR = YES;
				GCC_WARN_UNINITIALIZED_AUTOS = YES_AGGRESSIVE;
				GCC_WARN_UNUSED_FUNCTION = YES;
				GCC_WARN_UNUSED_VARIABLE = YES;
				IPHONEOS_DEPLOYMENT_TARGET = 16.2;
				MTL_ENABLE_DEBUG_INFO = INCLUDE_SOURCE;
				MTL_FAST_MATH = YES;
				ONLY_ACTIVE_ARCH = YES;
				SDKROOT = iphoneos;
				SWIFT_ACTIVE_COMPILATION_CONDITIONS = DEBUG;
				SWIFT_OPTIMIZATION_LEVEL = "-Onone";
			};
			name = Debug;
		};
		D7B7120C2AF505E500424557 /* Release */ = {
			isa = XCBuildConfiguration;
			buildSettings = {
				ALWAYS_SEARCH_USER_PATHS = NO;
				CLANG_ANALYZER_NONNULL = YES;
				CLANG_ANALYZER_NUMBER_OBJECT_CONVERSION = YES_AGGRESSIVE;
				CLANG_CXX_LANGUAGE_STANDARD = "gnu++20";
				CLANG_ENABLE_MODULES = YES;
				CLANG_ENABLE_OBJC_ARC = YES;
				CLANG_ENABLE_OBJC_WEAK = YES;
				CLANG_WARN_BLOCK_CAPTURE_AUTORELEASING = YES;
				CLANG_WARN_BOOL_CONVERSION = YES;
				CLANG_WARN_COMMA = YES;
				CLANG_WARN_CONSTANT_CONVERSION = YES;
				CLANG_WARN_DEPRECATED_OBJC_IMPLEMENTATIONS = YES;
				CLANG_WARN_DIRECT_OBJC_ISA_USAGE = YES_ERROR;
				CLANG_WARN_DOCUMENTATION_COMMENTS = YES;
				CLANG_WARN_EMPTY_BODY = YES;
				CLANG_WARN_ENUM_CONVERSION = YES;
				CLANG_WARN_INFINITE_RECURSION = YES;
				CLANG_WARN_INT_CONVERSION = YES;
				CLANG_WARN_NON_LITERAL_NULL_CONVERSION = YES;
				CLANG_WARN_OBJC_IMPLICIT_RETAIN_SELF = YES;
				CLANG_WARN_OBJC_LITERAL_CONVERSION = YES;
				CLANG_WARN_OBJC_ROOT_CLASS = YES_ERROR;
				CLANG_WARN_QUOTED_INCLUDE_IN_FRAMEWORK_HEADER = YES;
				CLANG_WARN_RANGE_LOOP_ANALYSIS = YES;
				CLANG_WARN_STRICT_PROTOTYPES = YES;
				CLANG_WARN_SUSPICIOUS_MOVE = YES;
				CLANG_WARN_UNGUARDED_AVAILABILITY = YES_AGGRESSIVE;
				CLANG_WARN_UNREACHABLE_CODE = YES;
				CLANG_WARN__DUPLICATE_METHOD_MATCH = YES;
				COPY_PHASE_STRIP = NO;
				DEBUG_INFORMATION_FORMAT = "dwarf-with-dsym";
				ENABLE_NS_ASSERTIONS = NO;
				ENABLE_STRICT_OBJC_MSGSEND = YES;
				GCC_C_LANGUAGE_STANDARD = gnu11;
				GCC_NO_COMMON_BLOCKS = YES;
				GCC_WARN_64_TO_32_BIT_CONVERSION = YES;
				GCC_WARN_ABOUT_RETURN_TYPE = YES_ERROR;
				GCC_WARN_UNDECLARED_SELECTOR = YES;
				GCC_WARN_UNINITIALIZED_AUTOS = YES_AGGRESSIVE;
				GCC_WARN_UNUSED_FUNCTION = YES;
				GCC_WARN_UNUSED_VARIABLE = YES;
				IPHONEOS_DEPLOYMENT_TARGET = 16.2;
				MTL_ENABLE_DEBUG_INFO = NO;
				MTL_FAST_MATH = YES;
				SDKROOT = iphoneos;
				SWIFT_COMPILATION_MODE = wholemodule;
				SWIFT_OPTIMIZATION_LEVEL = "-O";
				VALIDATE_PRODUCT = YES;
			};
			name = Release;
		};
		D7B7120E2AF505E500424557 /* Debug */ = {
			isa = XCBuildConfiguration;
			buildSettings = {
				ASSETCATALOG_COMPILER_APPICON_NAME = AppIcon;
				ASSETCATALOG_COMPILER_GLOBAL_ACCENT_COLOR_NAME = AccentColor;
				CODE_SIGN_STYLE = Automatic;
				CURRENT_PROJECT_VERSION = 1;
				GENERATE_INFOPLIST_FILE = YES;
				INFOPLIST_FILE = Remindify/Info.plist;
				INFOPLIST_KEY_UIApplicationSupportsIndirectInputEvents = YES;
				INFOPLIST_KEY_UILaunchStoryboardName = LaunchScreen;
				INFOPLIST_KEY_UIMainStoryboardFile = Main;
				INFOPLIST_KEY_UISupportedInterfaceOrientations_iPad = "UIInterfaceOrientationPortrait UIInterfaceOrientationPortraitUpsideDown UIInterfaceOrientationLandscapeLeft UIInterfaceOrientationLandscapeRight";
				INFOPLIST_KEY_UISupportedInterfaceOrientations_iPhone = "UIInterfaceOrientationPortrait UIInterfaceOrientationLandscapeLeft UIInterfaceOrientationLandscapeRight";
				LD_RUNPATH_SEARCH_PATHS = (
					"$(inherited)",
					"@executable_path/Frameworks",
				);
				MARKETING_VERSION = 1.0;
				PRODUCT_BUNDLE_IDENTIFIER = com.iamfaatima.Remindify;
				PRODUCT_NAME = "$(TARGET_NAME)";
				SWIFT_EMIT_LOC_STRINGS = YES;
				SWIFT_VERSION = 5.0;
				TARGETED_DEVICE_FAMILY = "1,2";
			};
			name = Debug;
		};
		D7B7120F2AF505E500424557 /* Release */ = {
			isa = XCBuildConfiguration;
			buildSettings = {
				ASSETCATALOG_COMPILER_APPICON_NAME = AppIcon;
				ASSETCATALOG_COMPILER_GLOBAL_ACCENT_COLOR_NAME = AccentColor;
				CODE_SIGN_STYLE = Automatic;
				CURRENT_PROJECT_VERSION = 1;
				GENERATE_INFOPLIST_FILE = YES;
				INFOPLIST_FILE = Remindify/Info.plist;
				INFOPLIST_KEY_UIApplicationSupportsIndirectInputEvents = YES;
				INFOPLIST_KEY_UILaunchStoryboardName = LaunchScreen;
				INFOPLIST_KEY_UIMainStoryboardFile = Main;
				INFOPLIST_KEY_UISupportedInterfaceOrientations_iPad = "UIInterfaceOrientationPortrait UIInterfaceOrientationPortraitUpsideDown UIInterfaceOrientationLandscapeLeft UIInterfaceOrientationLandscapeRight";
				INFOPLIST_KEY_UISupportedInterfaceOrientations_iPhone = "UIInterfaceOrientationPortrait UIInterfaceOrientationLandscapeLeft UIInterfaceOrientationLandscapeRight";
				LD_RUNPATH_SEARCH_PATHS = (
					"$(inherited)",
					"@executable_path/Frameworks",
				);
				MARKETING_VERSION = 1.0;
				PRODUCT_BUNDLE_IDENTIFIER = com.iamfaatima.Remindify;
				PRODUCT_NAME = "$(TARGET_NAME)";
				SWIFT_EMIT_LOC_STRINGS = YES;
				SWIFT_VERSION = 5.0;
				TARGETED_DEVICE_FAMILY = "1,2";
			};
			name = Release;
		};
/* End XCBuildConfiguration section */

/* Begin XCConfigurationList section */
		D7B711F42AF505E400424557 /* Build configuration list for PBXProject "Remindify" */ = {
			isa = XCConfigurationList;
			buildConfigurations = (
				D7B7120B2AF505E500424557 /* Debug */,
				D7B7120C2AF505E500424557 /* Release */,
			);
			defaultConfigurationIsVisible = 0;
			defaultConfigurationName = Release;
		};
		D7B7120D2AF505E500424557 /* Build configuration list for PBXNativeTarget "Remindify" */ = {
			isa = XCConfigurationList;
			buildConfigurations = (
				D7B7120E2AF505E500424557 /* Debug */,
				D7B7120F2AF505E500424557 /* Release */,
			);
			defaultConfigurationIsVisible = 0;
			defaultConfigurationName = Release;
		};
/* End XCConfigurationList section */

/* Begin XCRemoteSwiftPackageReference section */
		D7B712192AF51D2000424557 /* XCRemoteSwiftPackageReference "firebase-ios-sdk" */ = {
			isa = XCRemoteSwiftPackageReference;
			repositoryURL = "https://github.com/firebase/firebase-ios-sdk.git";
			requirement = {
				kind = upToNextMajorVersion;
				minimumVersion = 9.0.0;
			};
		};
/* End XCRemoteSwiftPackageReference section */

/* Begin XCSwiftPackageProductDependency section */
		D7B7121A2AF51D2000424557 /* FirebaseAuth */ = {
			isa = XCSwiftPackageProductDependency;
			package = D7B712192AF51D2000424557 /* XCRemoteSwiftPackageReference "firebase-ios-sdk" */;
			productName = FirebaseAuth;
		};
		D7B7121C2AF51D2000424557 /* FirebaseFirestore */ = {
			isa = XCSwiftPackageProductDependency;
			package = D7B712192AF51D2000424557 /* XCRemoteSwiftPackageReference "firebase-ios-sdk" */;
			productName = FirebaseFirestore;
		};
		D7B7121E2AF51D2000424557 /* FirebaseFirestoreSwift */ = {
			isa = XCSwiftPackageProductDependency;
			package = D7B712192AF51D2000424557 /* XCRemoteSwiftPackageReference "firebase-ios-sdk" */;
			productName = FirebaseFirestoreSwift;
		};
/* End XCSwiftPackageProductDependency section */
	};
	rootObject = D7B711F12AF505E400424557 /* Project object */;
}
